
Microsoft Visual Studio Solution File, Format Version 12.00
Project("{FAE04EC0-301F-11D3-BF4B-00C04F79EFBC}") = "ProyectoMultas-MVC", "ProyectoMultas-MVC\ProyectoMultas-MVC.csproj", "{1A96F4CD-C5EC-4EFA-B53C-4BB807C7CDE4}"
EndProject
Project("{FAE04EC0-301F-11D3-BF4B-00C04F79EFBC}") = "ProyectoMultas-API", "ProyectoMultas-API\ProyectoMultas-API.csproj", "{826E2BA1-09E2-4FED-B311-2C25203D9777}"
EndProject
Global
	GlobalSection(SolutionConfigurationPlatforms) = preSolution
		Debug|Any CPU = Debug|Any CPU
		Release|Any CPU = Release|Any CPU
	EndGlobalSection
	GlobalSection(ProjectConfigurationPlatforms) = postSolution
		{1A96F4CD-C5EC-4EFA-B53C-4BB807C7CDE4}.Debug|Any CPU.ActiveCfg = Debug|Any CPU
		{1A96F4CD-C5EC-4EFA-B53C-4BB807C7CDE4}.Debug|Any CPU.Build.0 = Debug|Any CPU
		{1A96F4CD-C5EC-4EFA-B53C-4BB807C7CDE4}.Release|Any CPU.ActiveCfg = Release|Any CPU
		{1A96F4CD-C5EC-4EFA-B53C-4BB807C7CDE4}.Release|Any CPU.Build.0 = Release|Any CPU
		{826E2BA1-09E2-4FED-B311-2C25203D9777}.Debug|Any CPU.ActiveCfg = Debug|Any CPU
		{826E2BA1-09E2-4FED-B311-2C25203D9777}.Debug|Any CPU.Build.0 = Debug|Any CPU
		{826E2BA1-09E2-4FED-B311-2C25203D9777}.Release|Any CPU.ActiveCfg = Release|Any CPU
		{826E2BA1-09E2-4FED-B311-2C25203D9777}.Release|Any CPU.Build.0 = Release|Any CPU
	EndGlobalSection
EndGlobal
